Microsoft Visual Studio Solution File, Format Version 12.00
# Visual Studio Version 17
VisualStudioVersion = 17.8.34525.116
MinimumVisualStudioVersion = 10.0.40219.1
Project("{F184B08F-C81C-45F6-A57F-5ABD9991F28F}") = "WindowsApplication21", "WindowsApplication21\WindowsApplication21.vbproj", "{797B25F8-E7A5-4476-9744-68D26BC0C33B}"
EndProject
Global
	GlobalSection(SolutionConfigurationPlatforms) = preSolution
		Debug|Any CPU = Debug|Any CPU
		Release|Any CPU = Release|Any CPU
	EndGlobalSection
	GlobalSection(ProjectConfigurationPlatforms) = postSolution
		{797B25F8-E7A5-4476-9744-68D26BC0C33B}.Debug|Any CPU.ActiveCfg = Debug|Any CPU
		{797B25F8-E7A5-4476-9744-68D26BC0C33B}.Debug|Any CPU.Build.0 = Debug|Any CPU
		{797B25F8-E7A5-4476-9744-68D26BC0C33B}.Release|Any CPU.ActiveCfg = Release|Any CPU
		{797B25F8-E7A5-4476-9744-68D26BC0C33B}.Release|Any CPU.Build.0 = Release|Any CPU
	EndGlobalSection
	GlobalSection(SolutionProperties) = preSolution
		HideSolutionNode = FALSE
	EndGlobalSection
	GlobalSection(ExtensibilityGlobals) = postSolution
		SolutionGuid = {788D120C-C6BC-4A98-8411-61F5BC78567C}
	EndGlobalSection
EndGlobal
